
Microsoft Visual Studio Solution File, Format Version 12.00
Project("{FAE04EC0-301F-11D3-BF4B-00C04F79EFBC}") = "FactoryMethod", "FactoryMethod\FactoryMethod.csproj", "{BB844DAD-CF13-4922-B669-B68EA92CCB66}"
EndProject
Project("{FAE04EC0-301F-11D3-BF4B-00C04F79EFBC}") = "AbstractFactory", "AbstractFactory\AbstractFactory.csproj", "{4F1BEB75-16DB-4D1F-A7C1-A98AA4D8694B}"
EndProject
Project("{FAE04EC0-301F-11D3-BF4B-00C04F79EFBC}") = "Singletone", "Singletone\Singletone.csproj", "{DCB0B4C6-0624-4C60-A588-1C4F34260AE2}"
EndProject
Project("{FAE04EC0-301F-11D3-BF4B-00C04F79EFBC}") = "Prototype", "Prototype\Prototype.csproj", "{DEAE75A9-554B-4A13-977B-2E7FC73306DF}"
EndProject
Project("{FAE04EC0-301F-11D3-BF4B-00C04F79EFBC}") = "ObjectPool", "ObjectPool\ObjectPool.csproj", "{6BAAAD50-AC67-44BB-A3D2-269A8CED3A0B}"
EndProject
Global
	GlobalSection(SolutionConfigurationPlatforms) = preSolution
		Debug|Any CPU = Debug|Any CPU
		Release|Any CPU = Release|Any CPU
	EndGlobalSection
	GlobalSection(ProjectConfigurationPlatforms) = postSolution
		{BB844DAD-CF13-4922-B669-B68EA92CCB66}.Debug|Any CPU.ActiveCfg = Debug|Any CPU
		{BB844DAD-CF13-4922-B669-B68EA92CCB66}.Debug|Any CPU.Build.0 = Debug|Any CPU
		{BB844DAD-CF13-4922-B669-B68EA92CCB66}.Release|Any CPU.ActiveCfg = Release|Any CPU
		{BB844DAD-CF13-4922-B669-B68EA92CCB66}.Release|Any CPU.Build.0 = Release|Any CPU
		{4F1BEB75-16DB-4D1F-A7C1-A98AA4D8694B}.Debug|Any CPU.ActiveCfg = Debug|Any CPU
		{4F1BEB75-16DB-4D1F-A7C1-A98AA4D8694B}.Debug|Any CPU.Build.0 = Debug|Any CPU
		{4F1BEB75-16DB-4D1F-A7C1-A98AA4D8694B}.Release|Any CPU.ActiveCfg = Release|Any CPU
		{4F1BEB75-16DB-4D1F-A7C1-A98AA4D8694B}.Release|Any CPU.Build.0 = Release|Any CPU
		{DCB0B4C6-0624-4C60-A588-1C4F34260AE2}.Debug|Any CPU.ActiveCfg = Debug|Any CPU
		{DCB0B4C6-0624-4C60-A588-1C4F34260AE2}.Debug|Any CPU.Build.0 = Debug|Any CPU
		{DCB0B4C6-0624-4C60-A588-1C4F34260AE2}.Release|Any CPU.ActiveCfg = Release|Any CPU
		{DCB0B4C6-0624-4C60-A588-1C4F34260AE2}.Release|Any CPU.Build.0 = Release|Any CPU
		{DEAE75A9-554B-4A13-977B-2E7FC73306DF}.Debug|Any CPU.ActiveCfg = Debug|Any CPU
		{DEAE75A9-554B-4A13-977B-2E7FC73306DF}.Debug|Any CPU.Build.0 = Debug|Any CPU
		{DEAE75A9-554B-4A13-977B-2E7FC73306DF}.Release|Any CPU.ActiveCfg = Release|Any CPU
		{DEAE75A9-554B-4A13-977B-2E7FC73306DF}.Release|Any CPU.Build.0 = Release|Any CPU
		{6BAAAD50-AC67-44BB-A3D2-269A8CED3A0B}.Debug|Any CPU.ActiveCfg = Debug|Any CPU
		{6BAAAD50-AC67-44BB-A3D2-269A8CED3A0B}.Debug|Any CPU.Build.0 = Debug|Any CPU
		{6BAAAD50-AC67-44BB-A3D2-269A8CED3A0B}.Release|Any CPU.ActiveCfg = Release|Any CPU
		{6BAAAD50-AC67-44BB-A3D2-269A8CED3A0B}.Release|Any CPU.Build.0 = Release|Any CPU
	EndGlobalSection
EndGlobal
